# THIS IS AN AUTOGENERATED FILE. DO NOT EDIT THIS FILE DIRECTLY.
# yarn lockfile v1


bootstrap@^5.1.3:
  version "5.1.3"
  resolved "https://registry.yarnpkg.com/bootstrap/-/bootstrap-5.1.3.tgz#ba081b0c130f810fa70900acbc1c6d3c28fa8f34"
  integrity sha512-fcQztozJ8jToQWXxVuEyXWW+dSo8AiXWKwiSSrKWsRB/Qt+Ewwza+JWoLKiTuQLaEPhdNAJ7+Dosc9DOIqNy7Q==

jquery@^3.6.0:
  version "3.6.0"
  resolved "https://registry.yarnpkg.com/jquery/-/jquery-3.6.0.tgz#c72a09f15c1bdce142f49dbf1170bdf8adac2470"
  integrity sha512-JVzAR/AjBvVt2BmYhxRCSYysDsPcssdmTFnzyLEts9qNwmjmu4JTAMYubEfwVOSwpQ1I1sKKFcxhZCI2buerfw==

list.js@^2.3.1:
  version "2.3.1"
  resolved "https://registry.yarnpkg.com/list.js/-/list.js-2.3.1.tgz#48961989ffe52b0505e352f7a521f819f51df7e7"
  integrity sha512-jnmm7DYpKtH3DxtO1E2VNCC9Gp7Wrp/FWA2JxQrZUhVJ2RCQBd57pCN6W5w6jpsfWZV0PCAbTX2NOPgyFeeZZg==
  dependencies:
    string-natural-compare "^2.0.2"

materialize-css@^1.0.0-rc.2:
  version "1.0.0-rc.2"
  resolved "https://registry.yarnpkg.com/materialize-css/-/materialize-css-1.0.0-rc.2.tgz#b9e6b18f698c6ef77bb6b628d59147faf131eff5"
  integrity sha512-FuQmSyq4Qv0ov7A2qXw0E6/jbQzSWx2P1pg2/XQDYTkkSc/GyiFAxu3fw9zgShwuTvyumEiw5jkxQWT9siqMBQ==

string-natural-compare@^2.0.2:
  version "2.0.3"
  resolved "https://registry.yarnpkg.com/string-natural-compare/-/string-natural-compare-2.0.3.tgz#9dbe1dd65490a5fe14f7a5c9bc686fc67cb9c6e4"
  integrity sha512-4Kcl12rNjc+6EKhY8QyDVuQTAlMWwRiNbsxnVwBUKFr7dYPQuXVrtNU4sEkjF9LHY0AY6uVbB3ktbkIH4LC+BQ==
